
Microsoft Visual Studio Solution File, Format Version 12.00
# Visual Studio Version 17
VisualStudioVersion = 17.14.36212.18
MinimumVisualStudioVersion = 10.0.40219.1
Project("{FAE04EC0-301F-11D3-BF4B-00C04F79EFBC}") = "SalesWebMvc", "SalesWebMvc\SalesWebMvc.csproj", "{B3A1F22F-633B-40DA-BE55-A7ABA1870D3C}"
EndProject
Global
	GlobalSection(SolutionConfigurationPlatforms) = preSolution
		Debug|Any CPU = Debug|Any CPU
		Release|Any CPU = Release|Any CPU
	EndGlobalSection
	GlobalSection(ProjectConfigurationPlatforms) = postSolution
		{B3A1F22F-633B-40DA-BE55-A7ABA1870D3C}.Debug|Any CPU.ActiveCfg = Debug|Any CPU
		{B3A1F22F-633B-40DA-BE55-A7ABA1870D3C}.Debug|Any CPU.Build.0 = Debug|Any CPU
		{B3A1F22F-633B-40DA-BE55-A7ABA1870D3C}.Release|Any CPU.ActiveCfg = Release|Any CPU
		{B3A1F22F-633B-40DA-BE55-A7ABA1870D3C}.Release|Any CPU.Build.0 = Release|Any CPU
	EndGlobalSection
	GlobalSection(SolutionProperties) = preSolution
		HideSolutionNode = FALSE
	EndGlobalSection
	GlobalSection(ExtensibilityGlobals) = postSolution
		SolutionGuid = {3680432D-D6B3-446A-8197-00DE45F6E8C3}
	EndGlobalSection
EndGlobal
